github.com/google/uuid v1.1.1 h1:Gkbcsh/GbpXz7lPftLA3P6TYMwjCLYm83jiFQZF/3gY=
github.com/google/uuid v1.1.1/go.mod h1:TIyPZe4MgqvfeYDBFedMoGGpEw/LqOeaOT+nhxU+yHo=
github.com/pkg/errors v0.8.1 h1:iURUrRGxPUNPdy5/HRSm+Yj6okJ6UtLINN0Q9M4+h3I=
github.com/pkg/errors v0.8.1/go.mod h1:bwawxfHBFNV+L2hUp1rHADufV3IMtnDRdf1r5NINEl0=
github.com/teamhanko/hankoapiclientgo v0.0.0-20200109120435-ff9b9a90f354 h1:6FOqVVy9dAlT2QVrJnnWgZRLzFwGpYja0iOPkJg40vM=
github.com/teamhanko/hankoapiclientgo v0.0.0-20200109120435-ff9b9a90f354/go.mod h1:GdWh/tEX3E752IzhlQU0BA1y8ownol/a3uA/su7Nxhs=
